
Microsoft Visual Studio Solution File, Format Version 12.00
# Visual Studio Version 17
VisualStudioVersion = 17.4.33213.308
MinimumVisualStudioVersion = 10.0.40219.1
Project("{FAE04EC0-301F-11D3-BF4B-00C04F79EFBC}") = "ambroladze_backend", "ambroladze_backend\ambroladze_backend.csproj", "{56BE66DD-91A8-4E88-A165-0E2F06505088}"
EndProject
Global
	GlobalSection(SolutionConfigurationPlatforms) = preSolution
		Debug|Any CPU = Debug|Any CPU
		Release|Any CPU = Release|Any CPU
	EndGlobalSection
	GlobalSection(ProjectConfigurationPlatforms) = postSolution
		{56BE66DD-91A8-4E88-A165-0E2F06505088}.Debug|Any CPU.ActiveCfg = Debug|Any CPU
		{56BE66DD-91A8-4E88-A165-0E2F06505088}.Debug|Any CPU.Build.0 = Debug|Any CPU
		{56BE66DD-91A8-4E88-A165-0E2F06505088}.Release|Any CPU.ActiveCfg = Release|Any CPU
		{56BE66DD-91A8-4E88-A165-0E2F06505088}.Release|Any CPU.Build.0 = Release|Any CPU
	EndGlobalSection
	GlobalSection(SolutionProperties) = preSolution
		HideSolutionNode = FALSE
	EndGlobalSection
	GlobalSection(ExtensibilityGlobals) = postSolution
		SolutionGuid = {816DE511-738B-4C86-B65D-2837B744C011}
	EndGlobalSection
EndGlobal
